
Microsoft Visual Studio Solution File, Format Version 12.00
# Visual Studio Version 16
VisualStudioVersion = 16.0.30225.117
MinimumVisualStudioVersion = 10.0.40219.1
Project("{FAE04EC0-301F-11D3-BF4B-00C04F79EFBC}") = "webcam Aforge", "webcam Aforge\webcam Aforge.csproj", "{04FA3003-D7E5-4C8A-B413-C618BBA4D22A}"
EndProject
Global
	GlobalSection(SolutionConfigurationPlatforms) = preSolution
		Debug|Any CPU = Debug|Any CPU
		Release|Any CPU = Release|Any CPU
	EndGlobalSection
	GlobalSection(ProjectConfigurationPlatforms) = postSolution
		{04FA3003-D7E5-4C8A-B413-C618BBA4D22A}.Debug|Any CPU.ActiveCfg = Debug|Any CPU
		{04FA3003-D7E5-4C8A-B413-C618BBA4D22A}.Debug|Any CPU.Build.0 = Debug|Any CPU
		{04FA3003-D7E5-4C8A-B413-C618BBA4D22A}.Release|Any CPU.ActiveCfg = Release|Any CPU
		{04FA3003-D7E5-4C8A-B413-C618BBA4D22A}.Release|Any CPU.Build.0 = Release|Any CPU
	EndGlobalSection
	GlobalSection(SolutionProperties) = preSolution
		HideSolutionNode = FALSE
	EndGlobalSection
	GlobalSection(ExtensibilityGlobals) = postSolution
		SolutionGuid = {E0292686-6F3B-41A5-AB9D-C2F369B5766F}
	EndGlobalSection
EndGlobal
